<?xml version="1.0" encoding="utf-8"?>
<Project ToolsVersion="4.0" xmlns="http://schemas.microsoft.com/developer/msbuild/2003">
  <ItemGroup>
    <Filter Include="소스 파일">
      <UniqueIdentifier>{4FC737F1-C7A5-4376-A066-2A32D752A2FF}</UniqueIdentifier>
      <Extensions>cpp;c;cc;cxx;c++;cppm;ixx;def;odl;idl;hpj;bat;asm;asmx</Extensions>
    </Filter>
    <Filter Include="헤더 파일">
      <UniqueIdentifier>{93995380-89BD-4b04-88EB-625FBE52EBFB}</UniqueIdentifier>
      <Extensions>h;hh;hpp;hxx;h++;hm;inl;inc;ipp;xsd</Extensions>
    </Filter>
    <Filter Include="리소스 파일">
      <UniqueIdentifier>{67DA6AB6-F800-4c08-8B7A-83BB121AAD01}</UniqueIdentifier>
      <Extensions>rc;ico;cur;bmp;dlg;rc2;rct;bin;rgs;gif;jpg;jpeg;jpe;resx;tiff;tif;png;wav;mfcribbon-ms</Extensions>
    </Filter>
  </ItemGroup>
  <ItemGroup>
    <ClCompile Include="cpp\문제\14504_로봇청소기.cpp">
      <Filter>소스 파일</Filter>
    </ClCompile>
    <ClCompile Include="cpp\문제\2206_벽부수고_이동하기.cpp">
      <Filter>소스 파일</Filter>
    </ClCompile>
    <ClCompile Include="cpp\문제\14891_톱니바퀴.cpp">
      <Filter>소스 파일</Filter>
    </ClCompile>
    <ClCompile Include="cpp\기초\01_자료구조\01_Stack\10828_스택.cpp">
      <Filter>소스 파일</Filter>
    </ClCompile>
    <ClCompile Include="cpp\기초\01_자료구조\02_Queue\10845_큐%28LinkedList%29.cpp">
      <Filter>소스 파일</Filter>
    </ClCompile>
    <ClCompile Include="cpp\기초\01_자료구조\01_Stack\10828_스택%28LinkedList%29.cpp">
      <Filter>소스 파일</Filter>
    </ClCompile>
    <ClCompile Include="cpp\기초\01_자료구조\02_Queue\10845_큐.cpp">
      <Filter>소스 파일</Filter>
    </ClCompile>
    <ClCompile Include="cpp\문제\11399_ATM.cpp">
      <Filter>소스 파일</Filter>
    </ClCompile>
    <ClCompile Include="cpp\기초\02_정렬알고리즘\2750_수정렬하기.cpp">
      <Filter>소스 파일</Filter>
    </ClCompile>
    <ClCompile Include="cpp\기초\02_정렬알고리즘\2751_수정렬하기2.cpp">
      <Filter>소스 파일</Filter>
    </ClCompile>
    <ClCompile Include="cpp\기초\02_정렬알고리즘\10989_수정렬하기3.cpp">
      <Filter>소스 파일</Filter>
    </ClCompile>
    <ClCompile Include="cpp\문제\3425_고스택.cpp">
      <Filter>소스 파일</Filter>
    </ClCompile>
    <ClCompile Include="cpp\문제\19238_스타트택시.cpp">
      <Filter>소스 파일</Filter>
    </ClCompile>
    <ClCompile Include="cpp\Gold5\15591_MooTube.cpp">
      <Filter>소스 파일</Filter>
    </ClCompile>
    <ClCompile Include="cpp\Platinum5\2842_집배원한상덕.cpp">
      <Filter>소스 파일</Filter>
    </ClCompile>
  </ItemGroup>
</Project>