<?xml version="1.0" encoding="utf-8"?>
<Project ToolsVersion="4.0" xmlns="http://schemas.microsoft.com/developer/msbuild/2003">
  <ItemGroup>
    <Filter Include="소스 파일">
      <UniqueIdentifier>{4FC737F1-C7A5-4376-A066-2A32D752A2FF}</UniqueIdentifier>
      <Extensions>cpp;c;cc;cxx;c++;cppm;ixx;def;odl;idl;hpj;bat;asm;asmx</Extensions>
    </Filter>
    <Filter Include="헤더 파일">
      <UniqueIdentifier>{93995380-89BD-4b04-88EB-625FBE52EBFB}</UniqueIdentifier>
      <Extensions>h;hh;hpp;hxx;h++;hm;inl;inc;ipp;xsd</Extensions>
    </Filter>
    <Filter Include="리소스 파일">
      <UniqueIdentifier>{67DA6AB6-F800-4c08-8B7A-83BB121AAD01}</UniqueIdentifier>
      <Extensions>rc;ico;cur;bmp;dlg;rc2;rct;bin;rgs;gif;jpg;jpeg;jpe;resx;tiff;tif;png;wav;mfcribbon-ms</Extensions>
    </Filter>
    <Filter Include="소스 파일\입문">
      <UniqueIdentifier>{f4b04e86-adc7-4fd7-bd29-50786d2d9a10}</UniqueIdentifier>
    </Filter>
    <Filter Include="소스 파일\입문\01_도형만들기">
      <UniqueIdentifier>{484da00f-6a7d-4dd3-8c33-dbe8b1701683}</UniqueIdentifier>
    </Filter>
    <Filter Include="소스 파일\입문\02_수학">
      <UniqueIdentifier>{3f1c8b34-c71b-4622-a952-c30a0f472a92}</UniqueIdentifier>
    </Filter>
    <Filter Include="소스 파일\입문\03_문자열">
      <UniqueIdentifier>{e2abb3db-a544-490e-84b1-685e4c6c6c26}</UniqueIdentifier>
    </Filter>
    <Filter Include="소스 파일\입문\04_아이디어">
      <UniqueIdentifier>{f35b609f-4152-47ae-8070-49854bacfb13}</UniqueIdentifier>
    </Filter>
    <Filter Include="소스 파일\입문\05_자료처리">
      <UniqueIdentifier>{41e97a5d-62e8-49c8-a2f9-95e68c0b9321}</UniqueIdentifier>
    </Filter>
    <Filter Include="소스 파일\입문\06_Greedy">
      <UniqueIdentifier>{05d85b6d-27d3-42af-b578-f475ea1eecb9}</UniqueIdentifier>
    </Filter>
    <Filter Include="소스 파일\입문\07_재귀">
      <UniqueIdentifier>{a7f96585-1a3d-4744-bdf5-db19f7d01bcb}</UniqueIdentifier>
    </Filter>
    <Filter Include="소스 파일\입문\08_분할정복">
      <UniqueIdentifier>{5a7c5d2b-b801-45ab-9ce9-4ab972cfa5c1}</UniqueIdentifier>
    </Filter>
    <Filter Include="소스 파일\입문\08_분할정복\60_수열복원">
      <UniqueIdentifier>{11b9920b-1900-4f67-910d-d62c36e3c2d2}</UniqueIdentifier>
    </Filter>
  </ItemGroup>
  <ItemGroup>
    <ClCompile Include="main.cpp">
      <Filter>소스 파일\입문\08_분할정복\60_수열복원</Filter>
    </ClCompile>
    <ClCompile Include="user.cpp">
      <Filter>소스 파일\입문\08_분할정복\60_수열복원</Filter>
    </ClCompile>
    <ClCompile Include="18_약수.cpp">
      <Filter>소스 파일\입문\02_수학</Filter>
    </ClCompile>
    <ClCompile Include="25_이진수.cpp">
      <Filter>소스 파일\입문\02_수학</Filter>
    </ClCompile>
    <ClCompile Include="25_PrimeNumber.cpp">
      <Filter>소스 파일\입문\02_수학</Filter>
    </ClCompile>
    <ClCompile Include="23_NumberReverse.cpp">
      <Filter>소스 파일\입문\02_수학</Filter>
    </ClCompile>
    <ClCompile Include="32_문자열찾기.cpp">
      <Filter>소스 파일\입문\03_문자열</Filter>
    </ClCompile>
    <ClCompile Include="57_회의실배정.cpp">
      <Filter>소스 파일\입문\06_Greedy</Filter>
    </ClCompile>
    <ClCompile Include="49_Factorial.cpp">
      <Filter>소스 파일\입문\07_재귀</Filter>
    </ClCompile>
    <ClCompile Include="59_MergeSort.cpp">
      <Filter>소스 파일\입문\08_분할정복</Filter>
    </ClCompile>
    <ClCompile Include="01_구구단.cpp">
      <Filter>소스 파일\입문\01_도형만들기</Filter>
    </ClCompile>
    <ClCompile Include="02_구구단2.cpp">
      <Filter>소스 파일\입문\01_도형만들기</Filter>
    </ClCompile>
    <ClCompile Include="03_숫자사각형1.cpp">
      <Filter>소스 파일\입문\01_도형만들기</Filter>
    </ClCompile>
    <ClCompile Include="04_숫자사각형2.cpp">
      <Filter>소스 파일\입문\01_도형만들기</Filter>
    </ClCompile>
    <ClCompile Include="05_숫자사각형3.cpp">
      <Filter>소스 파일\입문\01_도형만들기</Filter>
    </ClCompile>
    <ClCompile Include="07_문자사각형2.cpp">
      <Filter>소스 파일\입문\01_도형만들기</Filter>
    </ClCompile>
    <ClCompile Include="08_문자삼각형1.cpp">
      <Filter>소스 파일\입문\01_도형만들기</Filter>
    </ClCompile>
    <ClCompile Include="09_문자삼각형2.cpp">
      <Filter>소스 파일\입문\01_도형만들기</Filter>
    </ClCompile>
    <ClCompile Include="06_문자사각형1.cpp">
      <Filter>소스 파일\입문\01_도형만들기</Filter>
    </ClCompile>
  </ItemGroup>
  <ItemGroup>
    <ClInclude Include="resource.h">
      <Filter>헤더 파일</Filter>
    </ClInclude>
  </ItemGroup>
  <ItemGroup>
    <ResourceCompile Include="codepass.rc">
      <Filter>리소스 파일</Filter>
    </ResourceCompile>
  </ItemGroup>
</Project>